
Microsoft Visual Studio Solution File, Format Version 12.00
# Visual Studio Version 16
VisualStudioVersion = 16.0.30804.86
MinimumVisualStudioVersion = 10.0.40219.1
Project("{FAE04EC0-301F-11D3-BF4B-00C04F79EFBC}") = "ZelegramServer", "ZelegramServer\ZelegramServer.csproj", "{650C98CA-BFF7-41E3-8517-F7F8C1451EB4}"
EndProject
Global
	GlobalSection(SolutionConfigurationPlatforms) = preSolution
		Debug|Any CPU = Debug|Any CPU
		Release|Any CPU = Release|Any CPU
	EndGlobalSection
	GlobalSection(ProjectConfigurationPlatforms) = postSolution
		{650C98CA-BFF7-41E3-8517-F7F8C1451EB4}.Debug|Any CPU.ActiveCfg = Debug|Any CPU
		{650C98CA-BFF7-41E3-8517-F7F8C1451EB4}.Debug|Any CPU.Build.0 = Debug|Any CPU
		{650C98CA-BFF7-41E3-8517-F7F8C1451EB4}.Release|Any CPU.ActiveCfg = Release|Any CPU
		{650C98CA-BFF7-41E3-8517-F7F8C1451EB4}.Release|Any CPU.Build.0 = Release|Any CPU
	EndGlobalSection
	GlobalSection(SolutionProperties) = preSolution
		HideSolutionNode = FALSE
	EndGlobalSection
	GlobalSection(ExtensibilityGlobals) = postSolution
		SolutionGuid = {2DC216D0-D6EF-4D85-839A-313894AB97A1}
	EndGlobalSection
EndGlobal
